
Microsoft Visual Studio Solution File, Format Version 12.00
# Visual Studio Version 17
VisualStudioVersion = 17.5.001.0
MinimumVisualStudioVersion = 10.0.40219.1
Project("{9A19103F-16F7-4668-BE54-9A1E7A4F7556}") = "APICatalogoMinimalApi", "APICatalogoMinimalApi.csproj", "{9F29318A-915E-4943-A41B-006EC88B6973}"
EndProject
Global
	GlobalSection(SolutionConfigurationPlatforms) = preSolution
		Debug|Any CPU = Debug|Any CPU
		Release|Any CPU = Release|Any CPU
	EndGlobalSection
	GlobalSection(ProjectConfigurationPlatforms) = postSolution
		{9F29318A-915E-4943-A41B-006EC88B6973}.Debug|Any CPU.ActiveCfg = Debug|Any CPU
		{9F29318A-915E-4943-A41B-006EC88B6973}.Debug|Any CPU.Build.0 = Debug|Any CPU
		{9F29318A-915E-4943-A41B-006EC88B6973}.Release|Any CPU.ActiveCfg = Release|Any CPU
		{9F29318A-915E-4943-A41B-006EC88B6973}.Release|Any CPU.Build.0 = Release|Any CPU
	EndGlobalSection
	GlobalSection(SolutionProperties) = preSolution
		HideSolutionNode = FALSE
	EndGlobalSection
	GlobalSection(ExtensibilityGlobals) = postSolution
		SolutionGuid = {45ADE85A-BBD3-4F3B-AC57-87E2CF4D25BF}
	EndGlobalSection
EndGlobal
