
Microsoft Visual Studio Solution File, Format Version 12.00
# Visual Studio Version 17
VisualStudioVersion = 17.5.002.0
MinimumVisualStudioVersion = 10.0.40219.1
Project("{9A19103F-16F7-4668-BE54-9A1E7A4F7556}") = "ConsoleQRCodeGenerator", "ConsoleQRCodeGenerator.csproj", "{89BC4E1C-5010-4F59-9B82-88AFB2AAFEB0}"
EndProject
Global
	GlobalSection(SolutionConfigurationPlatforms) = preSolution
		Debug|Any CPU = Debug|Any CPU
		Release|Any CPU = Release|Any CPU
	EndGlobalSection
	GlobalSection(ProjectConfigurationPlatforms) = postSolution
		{89BC4E1C-5010-4F59-9B82-88AFB2AAFEB0}.Debug|Any CPU.ActiveCfg = Debug|Any CPU
		{89BC4E1C-5010-4F59-9B82-88AFB2AAFEB0}.Debug|Any CPU.Build.0 = Debug|Any CPU
		{89BC4E1C-5010-4F59-9B82-88AFB2AAFEB0}.Release|Any CPU.ActiveCfg = Release|Any CPU
		{89BC4E1C-5010-4F59-9B82-88AFB2AAFEB0}.Release|Any CPU.Build.0 = Release|Any CPU
	EndGlobalSection
	GlobalSection(SolutionProperties) = preSolution
		HideSolutionNode = FALSE
	EndGlobalSection
	GlobalSection(ExtensibilityGlobals) = postSolution
		SolutionGuid = {09993C78-3792-4368-9BD0-5B683EA09297}
	EndGlobalSection
EndGlobal
